{
  "name": "QuizApp",
  "requires": true,
  "lockfileVersion": 1,
  "dependencies": {
    "moment": {
      "version": "2.18.1",
      "resolved": "https://registry.npmjs.org/moment/-/moment-2.18.1.tgz",
      "integrity": "sha1-w2GT3Tzhwu7SrbfIAtu8d6gbHA8="
    },
    "react-moment": {
      "version": "0.6.5",
      "resolved": "https://registry.npmjs.org/react-moment/-/react-moment-0.6.5.tgz",
      "integrity": "sha512-W3uG9rvafSEhCFRChW/MwqtmzlMWLM82lfKUulenA/gh3irTdvlIXmWcCCEHQ0RddfQ8X/JuiNoemv1r9JHqrg=="
    }
  }
}
